
Microsoft Visual Studio Solution File, Format Version 12.00
# Visual Studio Version 17
VisualStudioVersion = 17.4.33103.184
MinimumVisualStudioVersion = 10.0.40219.1
Project("{FAE04EC0-301F-11D3-BF4B-00C04F79EFBC}") = "matritsa_burish", "matritsa_burish\matritsa_burish.csproj", "{6806E1B3-B002-492D-89AF-DC7CD0B4F376}"
EndProject
Global
	GlobalSection(SolutionConfigurationPlatforms) = preSolution
		Debug|Any CPU = Debug|Any CPU
		Release|Any CPU = Release|Any CPU
	EndGlobalSection
	GlobalSection(ProjectConfigurationPlatforms) = postSolution
		{6806E1B3-B002-492D-89AF-DC7CD0B4F376}.Debug|Any CPU.ActiveCfg = Debug|Any CPU
		{6806E1B3-B002-492D-89AF-DC7CD0B4F376}.Debug|Any CPU.Build.0 = Debug|Any CPU
		{6806E1B3-B002-492D-89AF-DC7CD0B4F376}.Release|Any CPU.ActiveCfg = Release|Any CPU
		{6806E1B3-B002-492D-89AF-DC7CD0B4F376}.Release|Any CPU.Build.0 = Release|Any CPU
	EndGlobalSection
	GlobalSection(SolutionProperties) = preSolution
		HideSolutionNode = FALSE
	EndGlobalSection
	GlobalSection(ExtensibilityGlobals) = postSolution
		SolutionGuid = {9198792A-1F34-401A-83D4-9718D5DEF1EC}
	EndGlobalSection
EndGlobal
